
Microsoft Visual Studio Solution File, Format Version 12.00
# Visual Studio 15
VisualStudioVersion = 15.0.28010.2016
MinimumVisualStudioVersion = 10.0.40219.1
Project("{FAE04EC0-301F-11D3-BF4B-00C04F79EFBC}") = "MixedLanguage", "MixedLanguage\MixedLanguage.csproj", "{F606CE8F-AB9D-460F-A8C1-EE5390EAFDCF}"
EndProject
Project("{8BC9CEB8-8B4A-11D0-8D11-00A0C91BC942}") = "CppCliDll", "CppCliDll\CppCliDll.vcxproj", "{CB095C37-E965-4D29-936C-D53F902A7FF0}"
EndProject
Project("{8BC9CEB8-8B4A-11D0-8D11-00A0C91BC942}") = "NativeCppDll", "NativeCppDll\NativeCppDll.vcxproj", "{6D41AEB2-BA5B-49F8-A95B-AE68969F8B28}"
EndProject
Global
	GlobalSection(SolutionConfigurationPlatforms) = preSolution
		Debug|Any CPU = Debug|Any CPU
		Debug|ARM = Debug|ARM
		Debug|x64 = Debug|x64
		Debug|x86 = Debug|x86
		Release|Any CPU = Release|Any CPU
		Release|ARM = Release|ARM
		Release|x64 = Release|x64
		Release|x86 = Release|x86
	EndGlobalSection
	GlobalSection(ProjectConfigurationPlatforms) = postSolution
		{F606CE8F-AB9D-460F-A8C1-EE5390EAFDCF}.Debug|Any CPU.ActiveCfg = Debug|Any CPU
		{F606CE8F-AB9D-460F-A8C1-EE5390EAFDCF}.Debug|Any CPU.Build.0 = Debug|Any CPU
		{F606CE8F-AB9D-460F-A8C1-EE5390EAFDCF}.Debug|ARM.ActiveCfg = Debug|Any CPU
		{F606CE8F-AB9D-460F-A8C1-EE5390EAFDCF}.Debug|ARM.Build.0 = Debug|Any CPU
		{F606CE8F-AB9D-460F-A8C1-EE5390EAFDCF}.Debug|x64.ActiveCfg = Debug|Any CPU
		{F606CE8F-AB9D-460F-A8C1-EE5390EAFDCF}.Debug|x64.Build.0 = Debug|Any CPU
		{F606CE8F-AB9D-460F-A8C1-EE5390EAFDCF}.Debug|x86.ActiveCfg = Debug|Any CPU
		{F606CE8F-AB9D-460F-A8C1-EE5390EAFDCF}.Debug|x86.Build.0 = Debug|Any CPU
		{F606CE8F-AB9D-460F-A8C1-EE5390EAFDCF}.Release|Any CPU.ActiveCfg = Release|Any CPU
		{F606CE8F-AB9D-460F-A8C1-EE5390EAFDCF}.Release|Any CPU.Build.0 = Release|Any CPU
		{F606CE8F-AB9D-460F-A8C1-EE5390EAFDCF}.Release|ARM.ActiveCfg = Release|Any CPU
		{F606CE8F-AB9D-460F-A8C1-EE5390EAFDCF}.Release|ARM.Build.0 = Release|Any CPU
		{F606CE8F-AB9D-460F-A8C1-EE5390EAFDCF}.Release|x64.ActiveCfg = Release|Any CPU
		{F606CE8F-AB9D-460F-A8C1-EE5390EAFDCF}.Release|x64.Build.0 = Release|Any CPU
		{F606CE8F-AB9D-460F-A8C1-EE5390EAFDCF}.Release|x86.ActiveCfg = Release|Any CPU
		{F606CE8F-AB9D-460F-A8C1-EE5390EAFDCF}.Release|x86.Build.0 = Release|Any CPU
		{CB095C37-E965-4D29-936C-D53F902A7FF0}.Debug|Any CPU.ActiveCfg = Debug|Win32
		{CB095C37-E965-4D29-936C-D53F902A7FF0}.Debug|Any CPU.Build.0 = Debug|Win32
		{CB095C37-E965-4D29-936C-D53F902A7FF0}.Debug|ARM.ActiveCfg = Debug|Win32
		{CB095C37-E965-4D29-936C-D53F902A7FF0}.Debug|x64.ActiveCfg = Debug|x64
		{CB095C37-E965-4D29-936C-D53F902A7FF0}.Debug|x64.Build.0 = Debug|x64
		{CB095C37-E965-4D29-936C-D53F902A7FF0}.Debug|x86.ActiveCfg = Debug|Win32
		{CB095C37-E965-4D29-936C-D53F902A7FF0}.Debug|x86.Build.0 = Debug|Win32
		{CB095C37-E965-4D29-936C-D53F902A7FF0}.Release|Any CPU.ActiveCfg = Release|Win32
		{CB095C37-E965-4D29-936C-D53F902A7FF0}.Release|ARM.ActiveCfg = Release|Win32
		{CB095C37-E965-4D29-936C-D53F902A7FF0}.Release|x64.ActiveCfg = Release|x64
		{CB095C37-E965-4D29-936C-D53F902A7FF0}.Release|x64.Build.0 = Release|x64
		{CB095C37-E965-4D29-936C-D53F902A7FF0}.Release|x86.ActiveCfg = Release|Win32
		{CB095C37-E965-4D29-936C-D53F902A7FF0}.Release|x86.Build.0 = Release|Win32
		{6D41AEB2-BA5B-49F8-A95B-AE68969F8B28}.Debug|Any CPU.ActiveCfg = Debug|Win32
		{6D41AEB2-BA5B-49F8-A95B-AE68969F8B28}.Debug|Any CPU.Build.0 = Debug|Win32
		{6D41AEB2-BA5B-49F8-A95B-AE68969F8B28}.Debug|ARM.ActiveCfg = Debug|Win32
		{6D41AEB2-BA5B-49F8-A95B-AE68969F8B28}.Debug|x64.ActiveCfg = Debug|x64
		{6D41AEB2-BA5B-49F8-A95B-AE68969F8B28}.Debug|x64.Build.0 = Debug|x64
		{6D41AEB2-BA5B-49F8-A95B-AE68969F8B28}.Debug|x86.ActiveCfg = Debug|Win32
		{6D41AEB2-BA5B-49F8-A95B-AE68969F8B28}.Debug|x86.Build.0 = Debug|Win32
		{6D41AEB2-BA5B-49F8-A95B-AE68969F8B28}.Release|Any CPU.ActiveCfg = Release|Win32
		{6D41AEB2-BA5B-49F8-A95B-AE68969F8B28}.Release|ARM.ActiveCfg = Release|Win32
		{6D41AEB2-BA5B-49F8-A95B-AE68969F8B28}.Release|x64.ActiveCfg = Release|x64
		{6D41AEB2-BA5B-49F8-A95B-AE68969F8B28}.Release|x64.Build.0 = Release|x64
		{6D41AEB2-BA5B-49F8-A95B-AE68969F8B28}.Release|x86.ActiveCfg = Release|Win32
		{6D41AEB2-BA5B-49F8-A95B-AE68969F8B28}.Release|x86.Build.0 = Release|Win32
	EndGlobalSection
	GlobalSection(SolutionProperties) = preSolution
		HideSolutionNode = FALSE
	EndGlobalSection
	GlobalSection(ExtensibilityGlobals) = postSolution
		SolutionGuid = {49E9284B-5816-4E80-8356-45F7FF03A733}
	EndGlobalSection
EndGlobal
